
Microsoft Visual Studio Solution File, Format Version 12.00
# Visual Studio Version 17
VisualStudioVersion = 17.14.36401.2 d17.14
MinimumVisualStudioVersion = 10.0.40219.1
Project("{FAE04EC0-301F-11D3-BF4B-00C04F79EFBC}") = "WebApplicationDemoAPI", "WebApplicationDemoAPI.csproj", "{A54A6ACB-EEBD-422D-87E6-C0332A8C03ED}"
EndProject
Global
	GlobalSection(SolutionConfigurationPlatforms) = preSolution
		Debug|Any CPU = Debug|Any CPU
		Release|Any CPU = Release|Any CPU
	EndGlobalSection
	GlobalSection(ProjectConfigurationPlatforms) = postSolution
		{A54A6ACB-EEBD-422D-87E6-C0332A8C03ED}.Debug|Any CPU.ActiveCfg = Debug|Any CPU
		{A54A6ACB-EEBD-422D-87E6-C0332A8C03ED}.Debug|Any CPU.Build.0 = Debug|Any CPU
		{A54A6ACB-EEBD-422D-87E6-C0332A8C03ED}.Release|Any CPU.ActiveCfg = Release|Any CPU
		{A54A6ACB-EEBD-422D-87E6-C0332A8C03ED}.Release|Any CPU.Build.0 = Release|Any CPU
	EndGlobalSection
	GlobalSection(SolutionProperties) = preSolution
		HideSolutionNode = FALSE
	EndGlobalSection
	GlobalSection(ExtensibilityGlobals) = postSolution
		SolutionGuid = {43A6CBB8-C1B7-4AE9-89F5-18F646745080}
	EndGlobalSection
EndGlobal
